
Microsoft Visual Studio Solution File, Format Version 12.00
# Visual Studio Version 16
VisualStudioVersion = 16.0.31624.102
MinimumVisualStudioVersion = 10.0.40219.1
Project("{FAE04EC0-301F-11D3-BF4B-00C04F79EFBC}") = "MusicStore", "MusicStore\MusicStore.csproj", "{C41CAC27-3429-4AAE-B7B4-7FF84F621ABE}"
EndProject
Global
	GlobalSection(SolutionConfigurationPlatforms) = preSolution
		Debug|Any CPU = Debug|Any CPU
		Release|Any CPU = Release|Any CPU
	EndGlobalSection
	GlobalSection(ProjectConfigurationPlatforms) = postSolution
		{C41CAC27-3429-4AAE-B7B4-7FF84F621ABE}.Debug|Any CPU.ActiveCfg = Debug|Any CPU
		{C41CAC27-3429-4AAE-B7B4-7FF84F621ABE}.Debug|Any CPU.Build.0 = Debug|Any CPU
		{C41CAC27-3429-4AAE-B7B4-7FF84F621ABE}.Release|Any CPU.ActiveCfg = Release|Any CPU
		{C41CAC27-3429-4AAE-B7B4-7FF84F621ABE}.Release|Any CPU.Build.0 = Release|Any CPU
	EndGlobalSection
	GlobalSection(SolutionProperties) = preSolution
		HideSolutionNode = FALSE
	EndGlobalSection
	GlobalSection(ExtensibilityGlobals) = postSolution
		SolutionGuid = {322FC486-2042-4E9B-8E51-E9B69E1F6056}
	EndGlobalSection
EndGlobal
